
Microsoft Visual Studio Solution File, Format Version 12.00
# Visual Studio Version 17
VisualStudioVersion = 17.13.35825.156 d17.13
MinimumVisualStudioVersion = 10.0.40219.1
Project("{FAE04EC0-301F-11D3-BF4B-00C04F79EFBC}") = "Matrix2dConsoleApp", "Matrics2dConsoleApp\Matrix2dConsoleApp.csproj", "{5B6521B5-7E48-4937-A6FD-9546033BC31E}"
EndProject
Project("{FAE04EC0-301F-11D3-BF4B-00C04F79EFBC}") = "Matrix2dLib", "Matrics2dLib\Matrix2dLib.csproj", "{7057B16E-81FB-488E-95E8-D5997E52CD32}"
EndProject
Project("{FAE04EC0-301F-11D3-BF4B-00C04F79EFBC}") = "Matrix2dTest", "Matrix2dTest\Matrix2dTest.csproj", "{491A0261-9C29-465D-987E-E3EDE2037069}"
EndProject
Global
	GlobalSection(SolutionConfigurationPlatforms) = preSolution
		Debug|Any CPU = Debug|Any CPU
		Release|Any CPU = Release|Any CPU
	EndGlobalSection
	GlobalSection(ProjectConfigurationPlatforms) = postSolution
		{5B6521B5-7E48-4937-A6FD-9546033BC31E}.Debug|Any CPU.ActiveCfg = Debug|Any CPU
		{5B6521B5-7E48-4937-A6FD-9546033BC31E}.Debug|Any CPU.Build.0 = Debug|Any CPU
		{5B6521B5-7E48-4937-A6FD-9546033BC31E}.Release|Any CPU.ActiveCfg = Release|Any CPU
		{5B6521B5-7E48-4937-A6FD-9546033BC31E}.Release|Any CPU.Build.0 = Release|Any CPU
		{7057B16E-81FB-488E-95E8-D5997E52CD32}.Debug|Any CPU.ActiveCfg = Debug|Any CPU
		{7057B16E-81FB-488E-95E8-D5997E52CD32}.Debug|Any CPU.Build.0 = Debug|Any CPU
		{7057B16E-81FB-488E-95E8-D5997E52CD32}.Release|Any CPU.ActiveCfg = Release|Any CPU
		{7057B16E-81FB-488E-95E8-D5997E52CD32}.Release|Any CPU.Build.0 = Release|Any CPU
		{491A0261-9C29-465D-987E-E3EDE2037069}.Debug|Any CPU.ActiveCfg = Debug|Any CPU
		{491A0261-9C29-465D-987E-E3EDE2037069}.Debug|Any CPU.Build.0 = Debug|Any CPU
		{491A0261-9C29-465D-987E-E3EDE2037069}.Release|Any CPU.ActiveCfg = Release|Any CPU
		{491A0261-9C29-465D-987E-E3EDE2037069}.Release|Any CPU.Build.0 = Release|Any CPU
	EndGlobalSection
	GlobalSection(SolutionProperties) = preSolution
		HideSolutionNode = FALSE
	EndGlobalSection
	GlobalSection(ExtensibilityGlobals) = postSolution
		SolutionGuid = {61D4741E-9136-4DBA-99A3-1424B0BC97D4}
	EndGlobalSection
EndGlobal
